
Microsoft Visual Studio Solution File, Format Version 12.00
# Visual Studio Version 17
VisualStudioVersion = 17.3.32929.385
MinimumVisualStudioVersion = 10.0.40219.1
Project("{9A19103F-16F7-4668-BE54-9A1E7A4F7556}") = "ASPNETCoreDataArt", "ASPNETCoreDataArt\ASPNETCoreDataArt.csproj", "{6EE8CD8A-1A31-4462-ABEE-4925F6802434}"
EndProject
Project("{9A19103F-16F7-4668-BE54-9A1E7A4F7556}") = "ASPNETCoreDataArtTests", "ASPNETCoreDataArtTests\ASPNETCoreDataArtTests.csproj", "{50880307-39F3-46BC-ACC3-4F578C3F93ED}"
EndProject
Global
	GlobalSection(SolutionConfigurationPlatforms) = preSolution
		Debug|Any CPU = Debug|Any CPU
		Release|Any CPU = Release|Any CPU
	EndGlobalSection
	GlobalSection(ProjectConfigurationPlatforms) = postSolution
		{6EE8CD8A-1A31-4462-ABEE-4925F6802434}.Debug|Any CPU.ActiveCfg = Debug|Any CPU
		{6EE8CD8A-1A31-4462-ABEE-4925F6802434}.Debug|Any CPU.Build.0 = Debug|Any CPU
		{6EE8CD8A-1A31-4462-ABEE-4925F6802434}.Release|Any CPU.ActiveCfg = Release|Any CPU
		{6EE8CD8A-1A31-4462-ABEE-4925F6802434}.Release|Any CPU.Build.0 = Release|Any CPU
		{50880307-39F3-46BC-ACC3-4F578C3F93ED}.Debug|Any CPU.ActiveCfg = Debug|Any CPU
		{50880307-39F3-46BC-ACC3-4F578C3F93ED}.Debug|Any CPU.Build.0 = Debug|Any CPU
		{50880307-39F3-46BC-ACC3-4F578C3F93ED}.Release|Any CPU.ActiveCfg = Release|Any CPU
		{50880307-39F3-46BC-ACC3-4F578C3F93ED}.Release|Any CPU.Build.0 = Release|Any CPU
	EndGlobalSection
	GlobalSection(SolutionProperties) = preSolution
		HideSolutionNode = FALSE
	EndGlobalSection
	GlobalSection(ExtensibilityGlobals) = postSolution
		SolutionGuid = {475365BC-7CBC-4A18-A0B7-A8A6157F0D67}
	EndGlobalSection
EndGlobal
